
Microsoft Visual Studio Solution File, Format Version 12.00
# Visual Studio Version 16
VisualStudioVersion = 16.0.31313.79
MinimumVisualStudioVersion = 10.0.40219.1
Project("{FAE04EC0-301F-11D3-BF4B-00C04F79EFBC}") = "LoginSharp", "LoginSharp\LoginSharp.csproj", "{0B7A6336-9A7D-4583-AC3E-A97E691F4155}"
EndProject
Global
	GlobalSection(SolutionConfigurationPlatforms) = preSolution
		Debug|Any CPU = Debug|Any CPU
		Release|Any CPU = Release|Any CPU
	EndGlobalSection
	GlobalSection(ProjectConfigurationPlatforms) = postSolution
		{0B7A6336-9A7D-4583-AC3E-A97E691F4155}.Debug|Any CPU.ActiveCfg = Debug|Any CPU
		{0B7A6336-9A7D-4583-AC3E-A97E691F4155}.Debug|Any CPU.Build.0 = Debug|Any CPU
		{0B7A6336-9A7D-4583-AC3E-A97E691F4155}.Release|Any CPU.ActiveCfg = Release|Any CPU
		{0B7A6336-9A7D-4583-AC3E-A97E691F4155}.Release|Any CPU.Build.0 = Release|Any CPU
	EndGlobalSection
	GlobalSection(SolutionProperties) = preSolution
		HideSolutionNode = FALSE
	EndGlobalSection
	GlobalSection(ExtensibilityGlobals) = postSolution
		SolutionGuid = {4A47081C-C810-4CFF-935D-18AB19CC3740}
	EndGlobalSection
EndGlobal
